
Microsoft Visual Studio Solution File, Format Version 12.00
# Visual Studio Version 17
VisualStudioVersion = 17.8.34309.116
MinimumVisualStudioVersion = 10.0.40219.1
Project("{9A19103F-16F7-4668-BE54-9A1E7A4F7556}") = "ImeInterop", "ImeInterop\ImeInterop.csproj", "{48451197-958B-4294-AE26-11E1731ED1C6}"
EndProject
Project("{FAE04EC0-301F-11D3-BF4B-00C04F79EFBC}") = "ImeInteropTestForms", "ImeInteropTestForms\ImeInteropTestForms.csproj", "{061CD446-56A2-4192-9DB4-31370C84664F}"
EndProject
Global
	GlobalSection(SolutionConfigurationPlatforms) = preSolution
		Debug|Any CPU = Debug|Any CPU
		Release|Any CPU = Release|Any CPU
	EndGlobalSection
	GlobalSection(ProjectConfigurationPlatforms) = postSolution
		{48451197-958B-4294-AE26-11E1731ED1C6}.Debug|Any CPU.ActiveCfg = Debug|Any CPU
		{48451197-958B-4294-AE26-11E1731ED1C6}.Debug|Any CPU.Build.0 = Debug|Any CPU
		{48451197-958B-4294-AE26-11E1731ED1C6}.Release|Any CPU.ActiveCfg = Release|Any CPU
		{48451197-958B-4294-AE26-11E1731ED1C6}.Release|Any CPU.Build.0 = Release|Any CPU
		{061CD446-56A2-4192-9DB4-31370C84664F}.Debug|Any CPU.ActiveCfg = Debug|Any CPU
		{061CD446-56A2-4192-9DB4-31370C84664F}.Debug|Any CPU.Build.0 = Debug|Any CPU
		{061CD446-56A2-4192-9DB4-31370C84664F}.Release|Any CPU.ActiveCfg = Release|Any CPU
		{061CD446-56A2-4192-9DB4-31370C84664F}.Release|Any CPU.Build.0 = Release|Any CPU
	EndGlobalSection
	GlobalSection(SolutionProperties) = preSolution
		HideSolutionNode = FALSE
	EndGlobalSection
	GlobalSection(ExtensibilityGlobals) = postSolution
		SolutionGuid = {9CD52C5A-F385-4F1C-870D-08058912862C}
	EndGlobalSection
EndGlobal
